
Microsoft Visual Studio Solution File, Format Version 12.00
# Visual Studio Version 16
VisualStudioVersion = 16.0.30330.147
MinimumVisualStudioVersion = 10.0.40219.1
Project("{FAE04EC0-301F-11D3-BF4B-00C04F79EFBC}") = "GSAtend", "GSAtend\GSAtend.csproj", "{52294D72-7DB3-490E-BC22-968FAB1F3AB8}"
EndProject
Global
	GlobalSection(SolutionConfigurationPlatforms) = preSolution
		Debug|Any CPU = Debug|Any CPU
		Release|Any CPU = Release|Any CPU
	EndGlobalSection
	GlobalSection(ProjectConfigurationPlatforms) = postSolution
		{52294D72-7DB3-490E-BC22-968FAB1F3AB8}.Debug|Any CPU.ActiveCfg = Debug|Any CPU
		{52294D72-7DB3-490E-BC22-968FAB1F3AB8}.Debug|Any CPU.Build.0 = Debug|Any CPU
		{52294D72-7DB3-490E-BC22-968FAB1F3AB8}.Release|Any CPU.ActiveCfg = Release|Any CPU
		{52294D72-7DB3-490E-BC22-968FAB1F3AB8}.Release|Any CPU.Build.0 = Release|Any CPU
	EndGlobalSection
	GlobalSection(SolutionProperties) = preSolution
		HideSolutionNode = FALSE
	EndGlobalSection
	GlobalSection(ExtensibilityGlobals) = postSolution
		SolutionGuid = {30A2BF99-4A4C-4793-9C9D-E51B89C4A10C}
	EndGlobalSection
EndGlobal
